// !$*UTF8*$!
{
	archiveVersion = 1;
	classes = {
	};
	objectVersion = 46;
	objects = {

/* Begin PBXBuildFile section */
		20109C901CBC43AE0058DA02 /* AppDelegate.swift in Sources */ = {isa = PBXBuildFile; fileRef = 20109C8F1CBC43AE0058DA02 /* AppDelegate.swift */; };
		20109C921CBC43AE0058DA02 /* ViewController.swift in Sources */ = {isa = PBXBuildFile; fileRef = 20109C911CBC43AE0058DA02 /* ViewController.swift */; };
		20109C951CBC43AE0058DA02 /* Main.storyboard in Resources */ = {isa = PBXBuildFile; fileRef = 20109C931CBC43AE0058DA02 /* Main.storyboard */; };
		20109C971CBC43AE0058DA02 /* Assets.xcassets in Resources */ = {isa = PBXBuildFile; fileRef = 20109C961CBC43AE0058DA02 /* Assets.xcassets */; };
		20109C9A1CBC43AE0058DA02 /* LaunchScreen.storyboard in Resources */ = {isa = PBXBuildFile; fileRef = 20109C981CBC43AE0058DA02 /* LaunchScreen.storyboard */; };
		3D5D90571CC211E300293486 /* SellerNetSheetController.swift in Sources */ = {isa = PBXBuildFile; fileRef = 3D5D90561CC211E300293486 /* SellerNetSheetController.swift */; };
		3D5D90591CC2130200293486 /* SellerNewNetSheetForm.swift in Sources */ = {isa = PBXBuildFile; fileRef = 3D5D90581CC2130200293486 /* SellerNewNetSheetForm.swift */; };
		3D9052E71CC610EC00937E2C /* PayoffsController.swift in Sources */ = {isa = PBXBuildFile; fileRef = 3D9052E61CC610EC00937E2C /* PayoffsController.swift */; };
		3D9052E91CC6119900937E2C /* PayoffsForm.swift in Sources */ = {isa = PBXBuildFile; fileRef = 3D9052E81CC6119900937E2C /* PayoffsForm.swift */; };
		3D9052EB1CC6183400937E2C /* ClosingCostsForm.swift in Sources */ = {isa = PBXBuildFile; fileRef = 3D9052EA1CC6183400937E2C /* ClosingCostsForm.swift */; };
		3D9052ED1CC6184600937E2C /* ClosingCostsController.swift in Sources */ = {isa = PBXBuildFile; fileRef = 3D9052EC1CC6184600937E2C /* ClosingCostsController.swift */; };
		3D9052EF1CC6425A00937E2C /* TitleController.swift in Sources */ = {isa = PBXBuildFile; fileRef = 3D9052EE1CC6425A00937E2C /* TitleController.swift */; };
		3D9052F11CC6426800937E2C /* TitleForm.swift in Sources */ = {isa = PBXBuildFile; fileRef = 3D9052F01CC6426800937E2C /* TitleForm.swift */; };
		3D9052F31CC6463600937E2C /* EscrowForm.swift in Sources */ = {isa = PBXBuildFile; fileRef = 3D9052F21CC6463600937E2C /* EscrowForm.swift */; };
		3D9052F51CC6464B00937E2C /* EscrowController.swift in Sources */ = {isa = PBXBuildFile; fileRef = 3D9052F41CC6464B00937E2C /* EscrowController.swift */; };
		3D9052F71CC64BE200937E2C /* SellerCreditsToBuyerController.swift in Sources */ = {isa = PBXBuildFile; fileRef = 3D9052F61CC64BE200937E2C /* SellerCreditsToBuyerController.swift */; };
		3D9052F91CC64C0000937E2C /* SellerCreditsToBuyerForm.swift in Sources */ = {isa = PBXBuildFile; fileRef = 3D9052F81CC64C0000937E2C /* SellerCreditsToBuyerForm.swift */; };
		3D9052FB1CC64E3500937E2C /* FinancingForm.swift in Sources */ = {isa = PBXBuildFile; fileRef = 3D9052FA1CC64E3500937E2C /* FinancingForm.swift */; };
		3D9052FD1CC64E4400937E2C /* FinancingController.swift in Sources */ = {isa = PBXBuildFile; fileRef = 3D9052FC1CC64E4400937E2C /* FinancingController.swift */; };
		3DD5309F1CC74F8B00BEE96D /* CreateNetSheetReport.storyboard in Resources */ = {isa = PBXBuildFile; fileRef = 3DD5309E1CC74F8B00BEE96D /* CreateNetSheetReport.storyboard */; };
		3DD530A11CC75D5B00BEE96D /* SellerNetSheetWithContainersBaseController.swift in Sources */ = {isa = PBXBuildFile; fileRef = 3DD530A01CC75D5B00BEE96D /* SellerNetSheetWithContainersBaseController.swift */; };
		3DD530A31CC7793E00BEE96D /* PayoffCell.swift in Sources */ = {isa = PBXBuildFile; fileRef = 3DD530A21CC7793E00BEE96D /* PayoffCell.swift */; };
		3DD530A51CC79B9D00BEE96D /* PreviewController.swift in Sources */ = {isa = PBXBuildFile; fileRef = 3DD530A41CC79B9D00BEE96D /* PreviewController.swift */; };
		3DE6DD3A1CC50D8B0057224B /* PropertyTaxRateController.swift in Sources */ = {isa = PBXBuildFile; fileRef = 3DE6DD391CC50D8B0057224B /* PropertyTaxRateController.swift */; };
		3DE6DD3C1CC51D420057224B /* TaxRateCell.swift in Sources */ = {isa = PBXBuildFile; fileRef = 3DE6DD3B1CC51D420057224B /* TaxRateCell.swift */; };
		3DEF63441CBE6EC400C7CFA1 /* SellerNetSheet.storyboard in Resources */ = {isa = PBXBuildFile; fileRef = 3DEF63421CBE6EC400C7CFA1 /* SellerNetSheet.storyboard */; };
		3DFA4AB31CBF771B0011747A /* CreateProfileReportController.swift in Sources */ = {isa = PBXBuildFile; fileRef = 3DFA4AB21CBF771B0011747A /* CreateProfileReportController.swift */; };
		3DFA4AB51CBFB50C0011747A /* CreateProfileReportFormController.swift in Sources */ = {isa = PBXBuildFile; fileRef = 3DFA4AB41CBFB50C0011747A /* CreateProfileReportFormController.swift */; };
		3DFB418C1CBD3AFF00995099 /* CreateNetSheetReportController.swift in Sources */ = {isa = PBXBuildFile; fileRef = 3DFB418A1CBD3AFF00995099 /* CreateNetSheetReportController.swift */; };
		3DFB418D1CBD3AFF00995099 /* CustomizeReportOptionsController.swift in Sources */ = {isa = PBXBuildFile; fileRef = 3DFB418B1CBD3AFF00995099 /* CustomizeReportOptionsController.swift */; };
		3DFB41921CBD3B0500995099 /* PreparedForByController.swift in Sources */ = {isa = PBXBuildFile; fileRef = 3DFB418F1CBD3B0500995099 /* PreparedForByController.swift */; };
		3DFB41931CBD3B0500995099 /* LogoController.swift in Sources */ = {isa = PBXBuildFile; fileRef = 3DFB41901CBD3B0500995099 /* LogoController.swift */; };
		3DFB41951CBD3B1400995099 /* CreateProfileReport.storyboard in Resources */ = {isa = PBXBuildFile; fileRef = 3DFB41941CBD3B1400995099 /* CreateProfileReport.storyboard */; };
		3DFE08DB1CC4CE4F00101EE3 /* DismissKeyboardOnOutsideTap.swift in Sources */ = {isa = PBXBuildFile; fileRef = 3DFE08DA1CC4CE4F00101EE3 /* DismissKeyboardOnOutsideTap.swift */; };
		3DFE08DD1CC4F3C300101EE3 /* NetProceedsController.swift in Sources */ = {isa = PBXBuildFile; fileRef = 3DFE08DC1CC4F3C300101EE3 /* NetProceedsController.swift */; };
		3DFE08DF1CC4F92400101EE3 /* BrokerFeeController.swift in Sources */ = {isa = PBXBuildFile; fileRef = 3DFE08DE1CC4F92400101EE3 /* BrokerFeeController.swift */; };
		3DFE08E11CC4FBAC00101EE3 /* BrokerFeeForm.swift in Sources */ = {isa = PBXBuildFile; fileRef = 3DFE08E01CC4FBAC00101EE3 /* BrokerFeeForm.swift */; };
		3DFE08E31CC5002000101EE3 /* TaxesForm.swift in Sources */ = {isa = PBXBuildFile; fileRef = 3DFE08E21CC5002000101EE3 /* TaxesForm.swift */; };
		3DFE08E51CC5004100101EE3 /* TaxesController.swift in Sources */ = {isa = PBXBuildFile; fileRef = 3DFE08E41CC5004100101EE3 /* TaxesController.swift */; };
/* End PBXBuildFile section */

/* Begin PBXFileReference section */
		20109C8C1CBC43AE0058DA02 /* T365CalculatorScreens.app */ = {isa = PBXFileReference; explicitFileType = wrapper.application; includeInIndex = 0; path = T365CalculatorScreens.app; sourceTree = BUILT_PRODUCTS_DIR; };
		20109C8F1CBC43AE0058DA02 /* AppDelegate.swift */ = {isa = PBXFileReference; lastKnownFileType = sourcecode.swift; path = AppDelegate.swift; sourceTree = "<group>"; };
		20109C911CBC43AE0058DA02 /* ViewController.swift */ = {isa = PBXFileReference; lastKnownFileType = sourcecode.swift; path = ViewController.swift; sourceTree = "<group>"; };
		20109C941CBC43AE0058DA02 /* Base */ = {isa = PBXFileReference; lastKnownFileType = file.storyboard; name = Base; path = Base.lproj/Main.storyboard; sourceTree = "<group>"; };
		20109C961CBC43AE0058DA02 /* Assets.xcassets */ = {isa = PBXFileReference; lastKnownFileType = folder.assetcatalog; path = Assets.xcassets; sourceTree = "<group>"; };
		20109C991CBC43AE0058DA02 /* Base */ = {isa = PBXFileReference; lastKnownFileType = file.storyboard; name = Base; path = Base.lproj/LaunchScreen.storyboard; sourceTree = "<group>"; };
		20109C9B1CBC43AE0058DA02 /* Info.plist */ = {isa = PBXFileReference; lastKnownFileType = text.plist.xml; path = Info.plist; sourceTree = "<group>"; };
		3D5D90561CC211E300293486 /* SellerNetSheetController.swift */ = {isa = PBXFileReference; fileEncoding = 4; lastKnownFileType = sourcecode.swift; path = SellerNetSheetController.swift; sourceTree = "<group>"; };
		3D5D90581CC2130200293486 /* SellerNewNetSheetForm.swift */ = {isa = PBXFileReference; fileEncoding = 4; lastKnownFileType = sourcecode.swift; path = SellerNewNetSheetForm.swift; sourceTree = "<group>"; };
		3D9052E61CC610EC00937E2C /* PayoffsController.swift */ = {isa = PBXFileReference; fileEncoding = 4; lastKnownFileType = sourcecode.swift; path = PayoffsController.swift; sourceTree = "<group>"; };
		3D9052E81CC6119900937E2C /* PayoffsForm.swift */ = {isa = PBXFileReference; fileEncoding = 4; lastKnownFileType = sourcecode.swift; path = PayoffsForm.swift; sourceTree = "<group>"; };
		3D9052EA1CC6183400937E2C /* ClosingCostsForm.swift */ = {isa = PBXFileReference; fileEncoding = 4; lastKnownFileType = sourcecode.swift; path = ClosingCostsForm.swift; sourceTree = "<group>"; };
		3D9052EC1CC6184600937E2C /* ClosingCostsController.swift */ = {isa = PBXFileReference; fileEncoding = 4; lastKnownFileType = sourcecode.swift; path = ClosingCostsController.swift; sourceTree = "<group>"; };
		3D9052EE1CC6425A00937E2C /* TitleController.swift */ = {isa = PBXFileReference; fileEncoding = 4; lastKnownFileType = sourcecode.swift; path = TitleController.swift; sourceTree = "<group>"; };
		3D9052F01CC6426800937E2C /* TitleForm.swift */ = {isa = PBXFileReference; fileEncoding = 4; lastKnownFileType = sourcecode.swift; path = TitleForm.swift; sourceTree = "<group>"; };
		3D9052F21CC6463600937E2C /* EscrowForm.swift */ = {isa = PBXFileReference; fileEncoding = 4; lastKnownFileType = sourcecode.swift; path = EscrowForm.swift; sourceTree = "<group>"; };
		3D9052F41CC6464B00937E2C /* EscrowController.swift */ = {isa = PBXFileReference; fileEncoding = 4; lastKnownFileType = sourcecode.swift; path = EscrowController.swift; sourceTree = "<group>"; };
		3D9052F61CC64BE200937E2C /* SellerCreditsToBuyerController.swift */ = {isa = PBXFileReference; fileEncoding = 4; lastKnownFileType = sourcecode.swift; path = SellerCreditsToBuyerController.swift; sourceTree = "<group>"; };
		3D9052F81CC64C0000937E2C /* SellerCreditsToBuyerForm.swift */ = {isa = PBXFileReference; fileEncoding = 4; lastKnownFileType = sourcecode.swift; path = SellerCreditsToBuyerForm.swift; sourceTree = "<group>"; };
		3D9052FA1CC64E3500937E2C /* FinancingForm.swift */ = {isa = PBXFileReference; fileEncoding = 4; lastKnownFileType = sourcecode.swift; path = FinancingForm.swift; sourceTree = "<group>"; };
		3D9052FC1CC64E4400937E2C /* FinancingController.swift */ = {isa = PBXFileReference; fileEncoding = 4; lastKnownFileType = sourcecode.swift; path = FinancingController.swift; sourceTree = "<group>"; };
		3DD5309E1CC74F8B00BEE96D /* CreateNetSheetReport.storyboard */ = {isa = PBXFileReference; fileEncoding = 4; lastKnownFileType = file.storyboard; name = CreateNetSheetReport.storyboard; path = ../Base.lproj/CreateNetSheetReport.storyboard; sourceTree = "<group>"; };
		3DD530A01CC75D5B00BEE96D /* SellerNetSheetWithContainersBaseController.swift */ = {isa = PBXFileReference; fileEncoding = 4; lastKnownFileType = sourcecode.swift; path = SellerNetSheetWithContainersBaseController.swift; sourceTree = "<group>"; };
		3DD530A21CC7793E00BEE96D /* PayoffCell.swift */ = {isa = PBXFileReference; fileEncoding = 4; lastKnownFileType = sourcecode.swift; path = PayoffCell.swift; sourceTree = "<group>"; };
		3DD530A41CC79B9D00BEE96D /* PreviewController.swift */ = {isa = PBXFileReference; fileEncoding = 4; lastKnownFileType = sourcecode.swift; path = PreviewController.swift; sourceTree = "<group>"; };
		3DE6DD391CC50D8B0057224B /* PropertyTaxRateController.swift */ = {isa = PBXFileReference; fileEncoding = 4; lastKnownFileType = sourcecode.swift; path = PropertyTaxRateController.swift; sourceTree = "<group>"; };
		3DE6DD3B1CC51D420057224B /* TaxRateCell.swift */ = {isa = PBXFileReference; fileEncoding = 4; lastKnownFileType = sourcecode.swift; path = TaxRateCell.swift; sourceTree = "<group>"; };
		3DEF63431CBE6EC400C7CFA1 /* Base */ = {isa = PBXFileReference; lastKnownFileType = file.storyboard; name = Base; path = T365CalculatorScreens/Base.lproj/SellerNetSheet.storyboard; sourceTree = SOURCE_ROOT; };
		3DFA4AB21CBF771B0011747A /* CreateProfileReportController.swift */ = {isa = PBXFileReference; fileEncoding = 4; lastKnownFileType = sourcecode.swift; path = CreateProfileReportController.swift; sourceTree = "<group>"; };
		3DFA4AB41CBFB50C0011747A /* CreateProfileReportFormController.swift */ = {isa = PBXFileReference; fileEncoding = 4; lastKnownFileType = sourcecode.swift; path = CreateProfileReportFormController.swift; sourceTree = "<group>"; };
		3DFB418A1CBD3AFF00995099 /* CreateNetSheetReportController.swift */ = {isa = PBXFileReference; fileEncoding = 4; lastKnownFileType = sourcecode.swift; path = CreateNetSheetReportController.swift; sourceTree = "<group>"; };
		3DFB418B1CBD3AFF00995099 /* CustomizeReportOptionsController.swift */ = {isa = PBXFileReference; fileEncoding = 4; lastKnownFileType = sourcecode.swift; path = CustomizeReportOptionsController.swift; sourceTree = "<group>"; };
		3DFB418F1CBD3B0500995099 /* PreparedForByController.swift */ = {isa = PBXFileReference; fileEncoding = 4; lastKnownFileType = sourcecode.swift; path = PreparedForByController.swift; sourceTree = "<group>"; };
		3DFB41901CBD3B0500995099 /* LogoController.swift */ = {isa = PBXFileReference; fileEncoding = 4; lastKnownFileType = sourcecode.swift; path = LogoController.swift; sourceTree = "<group>"; };
		3DFB41941CBD3B1400995099 /* CreateProfileReport.storyboard */ = {isa = PBXFileReference; fileEncoding = 4; lastKnownFileType = file.storyboard; name = CreateProfileReport.storyboard; path = ../Base.lproj/CreateProfileReport.storyboard; sourceTree = "<group>"; };
		3DFE08DA1CC4CE4F00101EE3 /* DismissKeyboardOnOutsideTap.swift */ = {isa = PBXFileReference; fileEncoding = 4; lastKnownFileType = sourcecode.swift; path = DismissKeyboardOnOutsideTap.swift; sourceTree = "<group>"; };
		3DFE08DC1CC4F3C300101EE3 /* NetProceedsController.swift */ = {isa = PBXFileReference; fileEncoding = 4; lastKnownFileType = sourcecode.swift; path = NetProceedsController.swift; sourceTree = "<group>"; };
		3DFE08DE1CC4F92400101EE3 /* BrokerFeeController.swift */ = {isa = PBXFileReference; fileEncoding = 4; lastKnownFileType = sourcecode.swift; path = BrokerFeeController.swift; sourceTree = "<group>"; };
		3DFE08E01CC4FBAC00101EE3 /* BrokerFeeForm.swift */ = {isa = PBXFileReference; fileEncoding = 4; lastKnownFileType = sourcecode.swift; path = BrokerFeeForm.swift; sourceTree = "<group>"; };
		3DFE08E21CC5002000101EE3 /* TaxesForm.swift */ = {isa = PBXFileReference; fileEncoding = 4; lastKnownFileType = sourcecode.swift; path = TaxesForm.swift; sourceTree = "<group>"; };
		3DFE08E41CC5004100101EE3 /* TaxesController.swift */ = {isa = PBXFileReference; fileEncoding = 4; lastKnownFileType = sourcecode.swift; path = TaxesController.swift; sourceTree = "<group>"; };
/* End PBXFileReference section */

/* Begin PBXFrameworksBuildPhase section */
		20109C891CBC43AE0058DA02 /* Frameworks */ = {
			isa = PBXFrameworksBuildPhase;
			buildActionMask = 2147483647;
			files = (
			);
			runOnlyForDeploymentPostprocessing = 0;
		};
/* End PBXFrameworksBuildPhase section */

/* Begin PBXGroup section */
		20109C831CBC43AE0058DA02 = {
			isa = PBXGroup;
			children = (
				20109C8E1CBC43AE0058DA02 /* T365CalculatorScreens */,
				20109C8D1CBC43AE0058DA02 /* Products */,
			);
			sourceTree = "<group>";
		};
		20109C8D1CBC43AE0058DA02 /* Products */ = {
			isa = PBXGroup;
			children = (
				20109C8C1CBC43AE0058DA02 /* T365CalculatorScreens.app */,
			);
			name = Products;
			sourceTree = "<group>";
		};
		20109C8E1CBC43AE0058DA02 /* T365CalculatorScreens */ = {
			isa = PBXGroup;
			children = (
				3DFE08D91CC4CE2E00101EE3 /* Common */,
				3DEF63411CBE6E7900C7CFA1 /* SellerNetSheet */,
				3DFB41891CBD3AD400995099 /* NetSheetReports */,
				20109C8F1CBC43AE0058DA02 /* AppDelegate.swift */,
				20109C911CBC43AE0058DA02 /* ViewController.swift */,
				20109C931CBC43AE0058DA02 /* Main.storyboard */,
				20109C961CBC43AE0058DA02 /* Assets.xcassets */,
				20109C981CBC43AE0058DA02 /* LaunchScreen.storyboard */,
				20109C9B1CBC43AE0058DA02 /* Info.plist */,
			);
			path = T365CalculatorScreens;
			sourceTree = "<group>";
		};
		3DEF63411CBE6E7900C7CFA1 /* SellerNetSheet */ = {
			isa = PBXGroup;
			children = (
				3DEF63421CBE6EC400C7CFA1 /* SellerNetSheet.storyboard */,
				3D5D90561CC211E300293486 /* SellerNetSheetController.swift */,
				3D5D90581CC2130200293486 /* SellerNewNetSheetForm.swift */,
				3DFE08DC1CC4F3C300101EE3 /* NetProceedsController.swift */,
				3DFE08DE1CC4F92400101EE3 /* BrokerFeeController.swift */,
				3DFE08E01CC4FBAC00101EE3 /* BrokerFeeForm.swift */,
				3DFE08E21CC5002000101EE3 /* TaxesForm.swift */,
				3DFE08E41CC5004100101EE3 /* TaxesController.swift */,
				3DE6DD391CC50D8B0057224B /* PropertyTaxRateController.swift */,
				3DE6DD3B1CC51D420057224B /* TaxRateCell.swift */,
				3D9052E61CC610EC00937E2C /* PayoffsController.swift */,
				3D9052E81CC6119900937E2C /* PayoffsForm.swift */,
				3D9052EA1CC6183400937E2C /* ClosingCostsForm.swift */,
				3D9052EC1CC6184600937E2C /* ClosingCostsController.swift */,
				3D9052EE1CC6425A00937E2C /* TitleController.swift */,
				3D9052F01CC6426800937E2C /* TitleForm.swift */,
				3D9052F21CC6463600937E2C /* EscrowForm.swift */,
				3D9052F41CC6464B00937E2C /* EscrowController.swift */,
				3D9052F61CC64BE200937E2C /* SellerCreditsToBuyerController.swift */,
				3D9052F81CC64C0000937E2C /* SellerCreditsToBuyerForm.swift */,
				3D9052FA1CC64E3500937E2C /* FinancingForm.swift */,
				3D9052FC1CC64E4400937E2C /* FinancingController.swift */,
				3DD530A01CC75D5B00BEE96D /* SellerNetSheetWithContainersBaseController.swift */,
				3DD530A21CC7793E00BEE96D /* PayoffCell.swift */,
			);
			path = SellerNetSheet;
			sourceTree = "<group>";
		};
		3DFB41891CBD3AD400995099 /* NetSheetReports */ = {
			isa = PBXGroup;
			children = (
				3DD530A41CC79B9D00BEE96D /* PreviewController.swift */,
				3DD5309E1CC74F8B00BEE96D /* CreateNetSheetReport.storyboard */,
				3DFB41941CBD3B1400995099 /* CreateProfileReport.storyboard */,
				3DFB418F1CBD3B0500995099 /* PreparedForByController.swift */,
				3DFB41901CBD3B0500995099 /* LogoController.swift */,
				3DFB418A1CBD3AFF00995099 /* CreateNetSheetReportController.swift */,
				3DFB418B1CBD3AFF00995099 /* CustomizeReportOptionsController.swift */,
				3DFA4AB21CBF771B0011747A /* CreateProfileReportController.swift */,
				3DFA4AB41CBFB50C0011747A /* CreateProfileReportFormController.swift */,
			);
			path = NetSheetReports;
			sourceTree = "<group>";
		};
		3DFE08D91CC4CE2E00101EE3 /* Common */ = {
			isa = PBXGroup;
			children = (
				3DFE08DA1CC4CE4F00101EE3 /* DismissKeyboardOnOutsideTap.swift */,
			);
			path = Common;
			sourceTree = "<group>";
		};
/* End PBXGroup section */

/* Begin PBXNativeTarget section */
		20109C8B1CBC43AE0058DA02 /* T365CalculatorScreens */ = {
			isa = PBXNativeTarget;
			buildConfigurationList = 20109C9E1CBC43AE0058DA02 /* Build configuration list for PBXNativeTarget "T365CalculatorScreens" */;
			buildPhases = (
				20109C881CBC43AE0058DA02 /* Sources */,
				20109C891CBC43AE0058DA02 /* Frameworks */,
				20109C8A1CBC43AE0058DA02 /* Resources */,
			);
			buildRules = (
			);
			dependencies = (
			);
			name = T365CalculatorScreens;
			productName = T365CalculatorScreens;
			productReference = 20109C8C1CBC43AE0058DA02 /* T365CalculatorScreens.app */;
			productType = "com.apple.product-type.application";
		};
/* End PBXNativeTarget section */

/* Begin PBXProject section */
		20109C841CBC43AE0058DA02 /* Project object */ = {
			isa = PBXProject;
			attributes = {
				LastSwiftUpdateCheck = 0730;
				LastUpgradeCheck = 0730;
				ORGANIZATIONNAME = "Xome Labs";
				TargetAttributes = {
					20109C8B1CBC43AE0058DA02 = {
						CreatedOnToolsVersion = 7.3;
					};
				};
			};
			buildConfigurationList = 20109C871CBC43AE0058DA02 /* Build configuration list for PBXProject "T365CalculatorScreens" */;
			compatibilityVersion = "Xcode 3.2";
			developmentRegion = English;
			hasScannedForEncodings = 0;
			knownRegions = (
				en,
				Base,
			);
			mainGroup = 20109C831CBC43AE0058DA02;
			productRefGroup = 20109C8D1CBC43AE0058DA02 /* Products */;
			projectDirPath = "";
			projectRoot = "";
			targets = (
				20109C8B1CBC43AE0058DA02 /* T365CalculatorScreens */,
			);
		};
/* End PBXProject section */

/* Begin PBXResourcesBuildPhase section */
		20109C8A1CBC43AE0058DA02 /* Resources */ = {
			isa = PBXResourcesBuildPhase;
			buildActionMask = 2147483647;
			files = (
				3DFB41951CBD3B1400995099 /* CreateProfileReport.storyboard in Resources */,
				20109C9A1CBC43AE0058DA02 /* LaunchScreen.storyboard in Resources */,
				3DEF63441CBE6EC400C7CFA1 /* SellerNetSheet.storyboard in Resources */,
				20109C971CBC43AE0058DA02 /* Assets.xcassets in Resources */,
				3DD5309F1CC74F8B00BEE96D /* CreateNetSheetReport.storyboard in Resources */,
				20109C951CBC43AE0058DA02 /* Main.storyboard in Resources */,
			);
			runOnlyForDeploymentPostprocessing = 0;
		};
/* End PBXResourcesBuildPhase section */

/* Begin PBXSourcesBuildPhase section */
		20109C881CBC43AE0058DA02 /* Sources */ = {
			isa = PBXSourcesBuildPhase;
			buildActionMask = 2147483647;
			files = (
				3D9052F91CC64C0000937E2C /* SellerCreditsToBuyerForm.swift in Sources */,
				3DFA4AB31CBF771B0011747A /* CreateProfileReportController.swift in Sources */,
				3D5D90571CC211E300293486 /* SellerNetSheetController.swift in Sources */,
				3DD530A51CC79B9D00BEE96D /* PreviewController.swift in Sources */,
				3DD530A11CC75D5B00BEE96D /* SellerNetSheetWithContainersBaseController.swift in Sources */,
				3DFB418D1CBD3AFF00995099 /* CustomizeReportOptionsController.swift in Sources */,
				3DFE08E11CC4FBAC00101EE3 /* BrokerFeeForm.swift in Sources */,
				3D9052ED1CC6184600937E2C /* ClosingCostsController.swift in Sources */,
				3D9052EB1CC6183400937E2C /* ClosingCostsForm.swift in Sources */,
				3D9052E91CC6119900937E2C /* PayoffsForm.swift in Sources */,
				3D9052FB1CC64E3500937E2C /* FinancingForm.swift in Sources */,
				3DFE08E31CC5002000101EE3 /* TaxesForm.swift in Sources */,
				3D9052F11CC6426800937E2C /* TitleForm.swift in Sources */,
				3D5D90591CC2130200293486 /* SellerNewNetSheetForm.swift in Sources */,
				3DFB41931CBD3B0500995099 /* LogoController.swift in Sources */,
				3DE6DD3C1CC51D420057224B /* TaxRateCell.swift in Sources */,
				3D9052E71CC610EC00937E2C /* PayoffsController.swift in Sources */,
				3DD530A31CC7793E00BEE96D /* PayoffCell.swift in Sources */,
				3D9052F71CC64BE200937E2C /* SellerCreditsToBuyerController.swift in Sources */,
				3DFA4AB51CBFB50C0011747A /* CreateProfileReportFormController.swift in Sources */,
				3D9052FD1CC64E4400937E2C /* FinancingController.swift in Sources */,
				3DFE08DD1CC4F3C300101EE3 /* NetProceedsController.swift in Sources */,
				3D9052EF1CC6425A00937E2C /* TitleController.swift in Sources */,
				3DFE08E51CC5004100101EE3 /* TaxesController.swift in Sources */,
				3DE6DD3A1CC50D8B0057224B /* PropertyTaxRateController.swift in Sources */,
				3D9052F51CC6464B00937E2C /* EscrowController.swift in Sources */,
				3DFE08DF1CC4F92400101EE3 /* BrokerFeeController.swift in Sources */,
				20109C921CBC43AE0058DA02 /* ViewController.swift in Sources */,
				3DFB41921CBD3B0500995099 /* PreparedForByController.swift in Sources */,
				3DFE08DB1CC4CE4F00101EE3 /* DismissKeyboardOnOutsideTap.swift in Sources */,
				20109C901CBC43AE0058DA02 /* AppDelegate.swift in Sources */,
				3DFB418C1CBD3AFF00995099 /* CreateNetSheetReportController.swift in Sources */,
				3D9052F31CC6463600937E2C /* EscrowForm.swift in Sources */,
			);
			runOnlyForDeploymentPostprocessing = 0;
		};
/* End PBXSourcesBuildPhase section */

/* Begin PBXVariantGroup section */
		20109C931CBC43AE0058DA02 /* Main.storyboard */ = {
			isa = PBXVariantGroup;
			children = (
				20109C941CBC43AE0058DA02 /* Base */,
			);
			name = Main.storyboard;
			sourceTree = "<group>";
		};
		20109C981CBC43AE0058DA02 /* LaunchScreen.storyboard */ = {
			isa = PBXVariantGroup;
			children = (
				20109C991CBC43AE0058DA02 /* Base */,
			);
			name = LaunchScreen.storyboard;
			sourceTree = "<group>";
		};
		3DEF63421CBE6EC400C7CFA1 /* SellerNetSheet.storyboard */ = {
			isa = PBXVariantGroup;
			children = (
				3DEF63431CBE6EC400C7CFA1 /* Base */,
			);
			name = SellerNetSheet.storyboard;
			sourceTree = "<group>";
		};
/* End PBXVariantGroup section */

/* Begin XCBuildConfiguration section */
		20109C9C1CBC43AE0058DA02 /* Debug */ = {
			isa = XCBuildConfiguration;
			buildSettings = {
				ALWAYS_SEARCH_USER_PATHS = NO;
				CLANG_ANALYZER_NONNULL = YES;
				CLANG_CXX_LANGUAGE_STANDARD = "gnu++0x";
				CLANG_CXX_LIBRARY = "libc++";
				CLANG_ENABLE_MODULES = YES;
				CLANG_ENABLE_OBJC_ARC = YES;
				CLANG_WARN_BOOL_CONVERSION = YES;
				CLANG_WARN_CONSTANT_CONVERSION = YES;
				CLANG_WARN_DIRECT_OBJC_ISA_USAGE = YES_ERROR;
				CLANG_WARN_EMPTY_BODY = YES;
				CLANG_WARN_ENUM_CONVERSION = YES;
				CLANG_WARN_INT_CONVERSION = YES;
				CLANG_WARN_OBJC_ROOT_CLASS = YES_ERROR;
				CLANG_WARN_UNREACHABLE_CODE = YES;
				CLANG_WARN__DUPLICATE_METHOD_MATCH = YES;
				"CODE_SIGN_IDENTITY[sdk=iphoneos*]" = "iPhone Developer";
				COPY_PHASE_STRIP = NO;
				DEBUG_INFORMATION_FORMAT = dwarf;
				ENABLE_STRICT_OBJC_MSGSEND = YES;
				ENABLE_TESTABILITY = YES;
				GCC_C_LANGUAGE_STANDARD = gnu99;
				GCC_DYNAMIC_NO_PIC = NO;
				GCC_NO_COMMON_BLOCKS = YES;
				GCC_OPTIMIZATION_LEVEL = 0;
				GCC_PREPROCESSOR_DEFINITIONS = (
					"DEBUG=1",
					"$(inherited)",
				);
				GCC_WARN_64_TO_32_BIT_CONVERSION = YES;
				GCC_WARN_ABOUT_RETURN_TYPE = YES_ERROR;
				GCC_WARN_UNDECLARED_SELECTOR = YES;
				GCC_WARN_UNINITIALIZED_AUTOS = YES_AGGRESSIVE;
				GCC_WARN_UNUSED_FUNCTION = YES;
				GCC_WARN_UNUSED_VARIABLE = YES;
				IPHONEOS_DEPLOYMENT_TARGET = 9.3;
				MTL_ENABLE_DEBUG_INFO = YES;
				ONLY_ACTIVE_ARCH = YES;
				SDKROOT = iphoneos;
				SWIFT_OPTIMIZATION_LEVEL = "-Onone";
				TARGETED_DEVICE_FAMILY = "1,2";
			};
			name = Debug;
		};
		20109C9D1CBC43AE0058DA02 /* Release */ = {
			isa = XCBuildConfiguration;
			buildSettings = {
				ALWAYS_SEARCH_USER_PATHS = NO;
				CLANG_ANALYZER_NONNULL = YES;
				CLANG_CXX_LANGUAGE_STANDARD = "gnu++0x";
				CLANG_CXX_LIBRARY = "libc++";
				CLANG_ENABLE_MODULES = YES;
				CLANG_ENABLE_OBJC_ARC = YES;
				CLANG_WARN_BOOL_CONVERSION = YES;
				CLANG_WARN_CONSTANT_CONVERSION = YES;
				CLANG_WARN_DIRECT_OBJC_ISA_USAGE = YES_ERROR;
				CLANG_WARN_EMPTY_BODY = YES;
				CLANG_WARN_ENUM_CONVERSION = YES;
				CLANG_WARN_INT_CONVERSION = YES;
				CLANG_WARN_OBJC_ROOT_CLASS = YES_ERROR;
				CLANG_WARN_UNREACHABLE_CODE = YES;
				CLANG_WARN__DUPLICATE_METHOD_MATCH = YES;
				"CODE_SIGN_IDENTITY[sdk=iphoneos*]" = "iPhone Developer";
				COPY_PHASE_STRIP = NO;
				DEBUG_INFORMATION_FORMAT = "dwarf-with-dsym";
				ENABLE_NS_ASSERTIONS = NO;
				ENABLE_STRICT_OBJC_MSGSEND = YES;
				GCC_C_LANGUAGE_STANDARD = gnu99;
				GCC_NO_COMMON_BLOCKS = YES;
				GCC_WARN_64_TO_32_BIT_CONVERSION = YES;
				GCC_WARN_ABOUT_RETURN_TYPE = YES_ERROR;
				GCC_WARN_UNDECLARED_SELECTOR = YES;
				GCC_WARN_UNINITIALIZED_AUTOS = YES_AGGRESSIVE;
				GCC_WARN_UNUSED_FUNCTION = YES;
				GCC_WARN_UNUSED_VARIABLE = YES;
				IPHONEOS_DEPLOYMENT_TARGET = 9.3;
				MTL_ENABLE_DEBUG_INFO = NO;
				SDKROOT = iphoneos;
				TARGETED_DEVICE_FAMILY = "1,2";
				VALIDATE_PRODUCT = YES;
			};
			name = Release;
		};
		20109C9F1CBC43AE0058DA02 /* Debug */ = {
			isa = XCBuildConfiguration;
			buildSettings = {
				ASSETCATALOG_COMPILER_APPICON_NAME = AppIcon;
				INFOPLIST_FILE = T365CalculatorScreens/Info.plist;
				LD_RUNPATH_SEARCH_PATHS = "$(inherited) @executable_path/Frameworks";
				PRODUCT_BUNDLE_IDENTIFIER = com.xome.T365CalculatorScreens;
				PRODUCT_NAME = "$(TARGET_NAME)";
			};
			name = Debug;
		};
		20109CA01CBC43AE0058DA02 /* Release */ = {
			isa = XCBuildConfiguration;
			buildSettings = {
				ASSETCATALOG_COMPILER_APPICON_NAME = AppIcon;
				INFOPLIST_FILE = T365CalculatorScreens/Info.plist;
				LD_RUNPATH_SEARCH_PATHS = "$(inherited) @executable_path/Frameworks";
				PRODUCT_BUNDLE_IDENTIFIER = com.xome.T365CalculatorScreens;
				PRODUCT_NAME = "$(TARGET_NAME)";
			};
			name = Release;
		};
/* End XCBuildConfiguration section */

/* Begin XCConfigurationList section */
		20109C871CBC43AE0058DA02 /* Build configuration list for PBXProject "T365CalculatorScreens" */ = {
			isa = XCConfigurationList;
			buildConfigurations = (
				20109C9C1CBC43AE0058DA02 /* Debug */,
				20109C9D1CBC43AE0058DA02 /* Release */,
			);
			defaultConfigurationIsVisible = 0;
			defaultConfigurationName = Release;
		};
		20109C9E1CBC43AE0058DA02 /* Build configuration list for PBXNativeTarget "T365CalculatorScreens" */ = {
			isa = XCConfigurationList;
			buildConfigurations = (
				20109C9F1CBC43AE0058DA02 /* Debug */,
				20109CA01CBC43AE0058DA02 /* Release */,
			);
			defaultConfigurationIsVisible = 0;
			defaultConfigurationName = Release;
		};
/* End XCConfigurationList section */
	};
	rootObject = 20109C841CBC43AE0058DA02 /* Project object */;
}
